
Microsoft Visual Studio Solution File, Format Version 12.00
# Visual Studio Version 17
VisualStudioVersion = 17.11.35208.52
MinimumVisualStudioVersion = 10.0.40219.1
Project("{FAE04EC0-301F-11D3-BF4B-00C04F79EFBC}") = "Form Login Visual Programming", "Form Login Visual Programming\Form Login Visual Programming.csproj", "{70C2154B-7DBF-4309-9D85-DCB637D06997}"
EndProject
Global
	GlobalSection(SolutionConfigurationPlatforms) = preSolution
		Debug|Any CPU = Debug|Any CPU
		Release|Any CPU = Release|Any CPU
	EndGlobalSection
	GlobalSection(ProjectConfigurationPlatforms) = postSolution
		{70C2154B-7DBF-4309-9D85-DCB637D06997}.Debug|Any CPU.ActiveCfg = Debug|Any CPU
		{70C2154B-7DBF-4309-9D85-DCB637D06997}.Debug|Any CPU.Build.0 = Debug|Any CPU
		{70C2154B-7DBF-4309-9D85-DCB637D06997}.Release|Any CPU.ActiveCfg = Release|Any CPU
		{70C2154B-7DBF-4309-9D85-DCB637D06997}.Release|Any CPU.Build.0 = Release|Any CPU
	EndGlobalSection
	GlobalSection(SolutionProperties) = preSolution
		HideSolutionNode = FALSE
	EndGlobalSection
	GlobalSection(ExtensibilityGlobals) = postSolution
		SolutionGuid = {8A3102B7-D507-4151-8451-F1DC4B0235D8}
	EndGlobalSection
EndGlobal
